PODS:
  - NotificationUserInfoModel (0.2.0)

DEPENDENCIES:
  - NotificationUserInfoModel (from `../`)

EXTERNAL SOURCES:
  NotificationUserInfoModel:
    :path: "../"

SPEC CHECKSUMS:
  NotificationUserInfoModel: 28c82f9115239d709c2bcb14ec4f471f2f3bcc2b

PODFILE CHECKSUM: 6e819493b84f2f04e9e0365da532dcbd8ccc9e82

COCOAPODS: 1.5.3
