PODS:
  - NotificationUserInfoModel (0.1.0)

DEPENDENCIES:
  - NotificationUserInfoModel (from `../`)

EXTERNAL SOURCES:
  NotificationUserInfoModel:
    :path: ../

SPEC CHECKSUMS:
  NotificationUserInfoModel: 9690cfe61e96877bb64cbe7b890965c040a9fec4

PODFILE CHECKSUM: 35749b5cf3fd308008a796408afb7279674122e9

COCOAPODS: 1.4.0
