PODS:
  - NotificationUserInfoModel (0.1.0)

DEPENDENCIES:
  - NotificationUserInfoModel (from `../`)

EXTERNAL SOURCES:
  NotificationUserInfoModel:
    :path: ../

SPEC CHECKSUMS:
  NotificationUserInfoModel: ec375b5f489bbbadbfe2d2a45a8d79c82d10f413

PODFILE CHECKSUM: 35749b5cf3fd308008a796408afb7279674122e9

COCOAPODS: 1.4.0
